// !$*UTF8*$!
{
	archiveVersion = 1;
	classes = {
	};
	objectVersion = 51;
	objects = {

/* Begin PBXBuildFile section */
		A0449904A8D05D842C5924F9 /* Pods_Wongnai_IOS_Assignment.framework in Frameworks */ = {isa = PBXBuildFile; fileRef = 70FF4943E46F7BC8C0C60869 /* Pods_Wongnai_IOS_Assignment.framework */; };
		FD08A6EC24E8EEA200617B9F /* AppDelegate.swift in Sources */ = {isa = PBXBuildFile; fileRef = FD08A6EB24E8EEA200617B9F /* AppDelegate.swift */; };
		FD08A6EE24E8EEA200617B9F /* SceneDelegate.swift in Sources */ = {isa = PBXBuildFile; fileRef = FD08A6ED24E8EEA200617B9F /* SceneDelegate.swift */; };
		FD08A6F324E8EEA200617B9F /* Main.storyboard in Resources */ = {isa = PBXBuildFile; fileRef = FD08A6F124E8EEA200617B9F /* Main.storyboard */; };
		FD08A6F524E8EEA300617B9F /* Assets.xcassets in Resources */ = {isa = PBXBuildFile; fileRef = FD08A6F424E8EEA300617B9F /* Assets.xcassets */; };
		FD08A6F824E8EEA300617B9F /* LaunchScreen.storyboard in Resources */ = {isa = PBXBuildFile; fileRef = FD08A6F624E8EEA300617B9F /* LaunchScreen.storyboard */; };
		FD08A70324E8F99200617B9F /* PhotoListViewController.swift in Sources */ = {isa = PBXBuildFile; fileRef = FD08A70224E8F99200617B9F /* PhotoListViewController.swift */; };
		FD08A70724E8FA7B00617B9F /* PhotoCell.swift in Sources */ = {isa = PBXBuildFile; fileRef = FD08A70524E8FA7B00617B9F /* PhotoCell.swift */; };
		FD08A70824E8FA7B00617B9F /* PhotoCell.xib in Resources */ = {isa = PBXBuildFile; fileRef = FD08A70624E8FA7B00617B9F /* PhotoCell.xib */; };
		FD08A70A24E8FAC400617B9F /* PhotoListViewModel.swift in Sources */ = {isa = PBXBuildFile; fileRef = FD08A70924E8FAC400617B9F /* PhotoListViewModel.swift */; };
		FD08A70C24E8FAFC00617B9F /* Photo.swift in Sources */ = {isa = PBXBuildFile; fileRef = FD08A70B24E8FAFC00617B9F /* Photo.swift */; };
		FD53399924E980AE00D1C3AF /* ImageInsertionCell.swift in Sources */ = {isa = PBXBuildFile; fileRef = FD53399724E980AE00D1C3AF /* ImageInsertionCell.swift */; };
		FD53399A24E980AE00D1C3AF /* ImageInsertionCell.xib in Resources */ = {isa = PBXBuildFile; fileRef = FD53399824E980AE00D1C3AF /* ImageInsertionCell.xib */; };
/* End PBXBuildFile section */

/* Begin PBXFileReference section */
		67956AABD955B15F7A41942A /* Pods-Wongnai-IOS-Assignment.debug.xcconfig */ = {isa = PBXFileReference; includeInIndex = 1; lastKnownFileType = text.xcconfig; name = "Pods-Wongnai-IOS-Assignment.debug.xcconfig"; path = "Target Support Files/Pods-Wongnai-IOS-Assignment/Pods-Wongnai-IOS-Assignment.debug.xcconfig"; sourceTree = "<group>"; };
		70FF4943E46F7BC8C0C60869 /* Pods_Wongnai_IOS_Assignment.framework */ = {isa = PBXFileReference; explicitFileType = wrapper.framework; includeInIndex = 0; path = Pods_Wongnai_IOS_Assignment.framework; sourceTree = BUILT_PRODUCTS_DIR; };
		C8FB6E2E1D4603FE694C9E49 /* Pods-Wongnai-IOS-Assignment.release.xcconfig */ = {isa = PBXFileReference; includeInIndex = 1; lastKnownFileType = text.xcconfig; name = "Pods-Wongnai-IOS-Assignment.release.xcconfig"; path = "Target Support Files/Pods-Wongnai-IOS-Assignment/Pods-Wongnai-IOS-Assignment.release.xcconfig"; sourceTree = "<group>"; };
		FD08A6E824E8EEA200617B9F /* Wongnai-IOS-Assignment.app */ = {isa = PBXFileReference; explicitFileType = wrapper.application; includeInIndex = 0; path = "Wongnai-IOS-Assignment.app"; sourceTree = BUILT_PRODUCTS_DIR; };
		FD08A6EB24E8EEA200617B9F /* AppDelegate.swift */ = {isa = PBXFileReference; lastKnownFileType = sourcecode.swift; path = AppDelegate.swift; sourceTree = "<group>"; };
		FD08A6ED24E8EEA200617B9F /* SceneDelegate.swift */ = {isa = PBXFileReference; lastKnownFileType = sourcecode.swift; path = SceneDelegate.swift; sourceTree = "<group>"; };
		FD08A6F224E8EEA200617B9F /* Base */ = {isa = PBXFileReference; lastKnownFileType = file.storyboard; name = Base; path = Base.lproj/Main.storyboard; sourceTree = "<group>"; };
		FD08A6F424E8EEA300617B9F /* Assets.xcassets */ = {isa = PBXFileReference; lastKnownFileType = folder.assetcatalog; path = Assets.xcassets; sourceTree = "<group>"; };
		FD08A6F724E8EEA300617B9F /* Base */ = {isa = PBXFileReference; lastKnownFileType = file.storyboard; name = Base; path = Base.lproj/LaunchScreen.storyboard; sourceTree = "<group>"; };
		FD08A6F924E8EEA300617B9F /* Info.plist */ = {isa = PBXFileReference; lastKnownFileType = text.plist.xml; path = Info.plist; sourceTree = "<group>"; };
		FD08A70224E8F99200617B9F /* PhotoListViewController.swift */ = {isa = PBXFileReference; lastKnownFileType = sourcecode.swift; path = PhotoListViewController.swift; sourceTree = "<group>"; };
		FD08A70524E8FA7B00617B9F /* PhotoCell.swift */ = {isa = PBXFileReference; lastKnownFileType = sourcecode.swift; path = PhotoCell.swift; sourceTree = "<group>"; };
		FD08A70624E8FA7B00617B9F /* PhotoCell.xib */ = {isa = PBXFileReference; lastKnownFileType = file.xib; path = PhotoCell.xib; sourceTree = "<group>"; };
		FD08A70924E8FAC400617B9F /* PhotoListViewModel.swift */ = {isa = PBXFileReference; lastKnownFileType = sourcecode.swift; path = PhotoListViewModel.swift; sourceTree = "<group>"; };
		FD08A70B24E8FAFC00617B9F /* Photo.swift */ = {isa = PBXFileReference; lastKnownFileType = sourcecode.swift; path = Photo.swift; sourceTree = "<group>"; };
		FD53399724E980AE00D1C3AF /* ImageInsertionCell.swift */ = {isa = PBXFileReference; lastKnownFileType = sourcecode.swift; path = ImageInsertionCell.swift; sourceTree = "<group>"; };
		FD53399824E980AE00D1C3AF /* ImageInsertionCell.xib */ = {isa = PBXFileReference; lastKnownFileType = file.xib; path = ImageInsertionCell.xib; sourceTree = "<group>"; };
/* End PBXFileReference section */

/* Begin PBXFrameworksBuildPhase section */
		FD08A6E524E8EEA200617B9F /* Frameworks */ = {
			isa = PBXFrameworksBuildPhase;
			buildActionMask = 2147483647;
			files = (
				A0449904A8D05D842C5924F9 /* Pods_Wongnai_IOS_Assignment.framework in Frameworks */,
			);
			runOnlyForDeploymentPostprocessing = 0;
		};
/* End PBXFrameworksBuildPhase section */

/* Begin PBXGroup section */
		BFDD464928A407BEE5FEEF1E /* Frameworks */ = {
			isa = PBXGroup;
			children = (
				70FF4943E46F7BC8C0C60869 /* Pods_Wongnai_IOS_Assignment.framework */,
			);
			name = Frameworks;
			sourceTree = "<group>";
		};
		C5569110FE6D894CF2D0C583 /* Pods */ = {
			isa = PBXGroup;
			children = (
				67956AABD955B15F7A41942A /* Pods-Wongnai-IOS-Assignment.debug.xcconfig */,
				C8FB6E2E1D4603FE694C9E49 /* Pods-Wongnai-IOS-Assignment.release.xcconfig */,
			);
			path = Pods;
			sourceTree = "<group>";
		};
		FD08A6DF24E8EEA200617B9F = {
			isa = PBXGroup;
			children = (
				FD08A6EA24E8EEA200617B9F /* Wongnai-IOS-Assignment */,
				FD08A6E924E8EEA200617B9F /* Products */,
				C5569110FE6D894CF2D0C583 /* Pods */,
				BFDD464928A407BEE5FEEF1E /* Frameworks */,
			);
			sourceTree = "<group>";
		};
		FD08A6E924E8EEA200617B9F /* Products */ = {
			isa = PBXGroup;
			children = (
				FD08A6E824E8EEA200617B9F /* Wongnai-IOS-Assignment.app */,
			);
			name = Products;
			sourceTree = "<group>";
		};
		FD08A6EA24E8EEA200617B9F /* Wongnai-IOS-Assignment */ = {
			isa = PBXGroup;
			children = (
				FD08A70124E8F94600617B9F /* Views */,
				FD08A70024E8F93E00617B9F /* ViewModels */,
				FD08A6FF24E8F92C00617B9F /* Models */,
				FD08A6EB24E8EEA200617B9F /* AppDelegate.swift */,
				FD08A6ED24E8EEA200617B9F /* SceneDelegate.swift */,
				FD08A6F124E8EEA200617B9F /* Main.storyboard */,
				FD08A6F424E8EEA300617B9F /* Assets.xcassets */,
				FD08A6F624E8EEA300617B9F /* LaunchScreen.storyboard */,
				FD08A6F924E8EEA300617B9F /* Info.plist */,
			);
			path = "Wongnai-IOS-Assignment";
			sourceTree = "<group>";
		};
		FD08A6FF24E8F92C00617B9F /* Models */ = {
			isa = PBXGroup;
			children = (
				FD08A70B24E8FAFC00617B9F /* Photo.swift */,
			);
			path = Models;
			sourceTree = "<group>";
		};
		FD08A70024E8F93E00617B9F /* ViewModels */ = {
			isa = PBXGroup;
			children = (
				FD08A70924E8FAC400617B9F /* PhotoListViewModel.swift */,
			);
			path = ViewModels;
			sourceTree = "<group>";
		};
		FD08A70124E8F94600617B9F /* Views */ = {
			isa = PBXGroup;
			children = (
				FD53399424E9805A00D1C3AF /* ImageInsertionCell */,
				FD08A70424E8FA0D00617B9F /* PhotoCell */,
				FD08A70224E8F99200617B9F /* PhotoListViewController.swift */,
			);
			path = Views;
			sourceTree = "<group>";
		};
		FD08A70424E8FA0D00617B9F /* PhotoCell */ = {
			isa = PBXGroup;
			children = (
				FD08A70524E8FA7B00617B9F /* PhotoCell.swift */,
				FD08A70624E8FA7B00617B9F /* PhotoCell.xib */,
			);
			path = PhotoCell;
			sourceTree = "<group>";
		};
		FD53399424E9805A00D1C3AF /* ImageInsertionCell */ = {
			isa = PBXGroup;
			children = (
				FD53399724E980AE00D1C3AF /* ImageInsertionCell.swift */,
				FD53399824E980AE00D1C3AF /* ImageInsertionCell.xib */,
			);
			path = ImageInsertionCell;
			sourceTree = "<group>";
		};
/* End PBXGroup section */

/* Begin PBXNativeTarget section */
		FD08A6E724E8EEA200617B9F /* Wongnai-IOS-Assignment */ = {
			isa = PBXNativeTarget;
			buildConfigurationList = FD08A6FC24E8EEA300617B9F /* Build configuration list for PBXNativeTarget "Wongnai-IOS-Assignment" */;
			buildPhases = (
				9925D562FDF9D8BDFBC46D67 /* [CP] Check Pods Manifest.lock */,
				FD08A6E424E8EEA200617B9F /* Sources */,
				FD08A6E524E8EEA200617B9F /* Frameworks */,
				FD08A6E624E8EEA200617B9F /* Resources */,
				321808440D32BF0EB37ED7A7 /* [CP] Embed Pods Frameworks */,
			);
			buildRules = (
			);
			dependencies = (
			);
			name = "Wongnai-IOS-Assignment";
			productName = "Wongnai-IOS-Assignment";
			productReference = FD08A6E824E8EEA200617B9F /* Wongnai-IOS-Assignment.app */;
			productType = "com.apple.product-type.application";
		};
/* End PBXNativeTarget section */

/* Begin PBXProject section */
		FD08A6E024E8EEA200617B9F /* Project object */ = {
			isa = PBXProject;
			attributes = {
				LastSwiftUpdateCheck = 1160;
				LastUpgradeCheck = 1160;
				ORGANIZATIONNAME = "Natthawut Kaeoaubon";
				TargetAttributes = {
					FD08A6E724E8EEA200617B9F = {
						CreatedOnToolsVersion = 11.6;
					};
				};
			};
			buildConfigurationList = FD08A6E324E8EEA200617B9F /* Build configuration list for PBXProject "Wongnai-IOS-Assignment" */;
			compatibilityVersion = "Xcode 9.3";
			developmentRegion = en;
			hasScannedForEncodings = 0;
			knownRegions = (
				en,
				Base,
			);
			mainGroup = FD08A6DF24E8EEA200617B9F;
			productRefGroup = FD08A6E924E8EEA200617B9F /* Products */;
			projectDirPath = "";
			projectRoot = "";
			targets = (
				FD08A6E724E8EEA200617B9F /* Wongnai-IOS-Assignment */,
			);
		};
/* End PBXProject section */

/* Begin PBXResourcesBuildPhase section */
		FD08A6E624E8EEA200617B9F /* Resources */ = {
			isa = PBXResourcesBuildPhase;
			buildActionMask = 2147483647;
			files = (
				FD08A70824E8FA7B00617B9F /* PhotoCell.xib in Resources */,
				FD53399A24E980AE00D1C3AF /* ImageInsertionCell.xib in Resources */,
				FD08A6F824E8EEA300617B9F /* LaunchScreen.storyboard in Resources */,
				FD08A6F524E8EEA300617B9F /* Assets.xcassets in Resources */,
				FD08A6F324E8EEA200617B9F /* Main.storyboard in Resources */,
			);
			runOnlyForDeploymentPostprocessing = 0;
		};
/* End PBXResourcesBuildPhase section */

/* Begin PBXShellScriptBuildPhase section */
		321808440D32BF0EB37ED7A7 /* [CP] Embed Pods Frameworks */ = {
			isa = PBXShellScriptBuildPhase;
			buildActionMask = 2147483647;
			files = (
			);
			inputFileListPaths = (
				"${PODS_ROOT}/Target Support Files/Pods-Wongnai-IOS-Assignment/Pods-Wongnai-IOS-Assignment-frameworks-${CONFIGURATION}-input-files.xcfilelist",
			);
			name = "[CP] Embed Pods Frameworks";
			outputFileListPaths = (
				"${PODS_ROOT}/Target Support Files/Pods-Wongnai-IOS-Assignment/Pods-Wongnai-IOS-Assignment-frameworks-${CONFIGURATION}-output-files.xcfilelist",
			);
			runOnlyForDeploymentPostprocessing = 0;
			shellPath = /bin/sh;
			shellScript = "\"${PODS_ROOT}/Target Support Files/Pods-Wongnai-IOS-Assignment/Pods-Wongnai-IOS-Assignment-frameworks.sh\"\n";
			showEnvVarsInLog = 0;
		};
		9925D562FDF9D8BDFBC46D67 /* [CP] Check Pods Manifest.lock */ = {
			isa = PBXShellScriptBuildPhase;
			buildActionMask = 2147483647;
			files = (
			);
			inputFileListPaths = (
			);
			inputPaths = (
				"${PODS_PODFILE_DIR_PATH}/Podfile.lock",
				"${PODS_ROOT}/Manifest.lock",
			);
			name = "[CP] Check Pods Manifest.lock";
			outputFileListPaths = (
			);
			outputPaths = (
				"$(DERIVED_FILE_DIR)/Pods-Wongnai-IOS-Assignment-checkManifestLockResult.txt",
			);
			runOnlyForDeploymentPostprocessing = 0;
			shellPath = /bin/sh;
			shellScript = "diff \"${PODS_PODFILE_DIR_PATH}/Podfile.lock\" \"${PODS_ROOT}/Manifest.lock\" > /dev/null\nif [ $? != 0 ] ; then\n    # print error to STDERR\n    echo \"error: The sandbox is not in sync with the Podfile.lock. Run 'pod install' or update your CocoaPods installation.\" >&2\n    exit 1\nfi\n# This output is used by Xcode 'outputs' to avoid re-running this script phase.\necho \"SUCCESS\" > \"${SCRIPT_OUTPUT_FILE_0}\"\n";
			showEnvVarsInLog = 0;
		};
/* End PBXShellScriptBuildPhase section */

/* Begin PBXSourcesBuildPhase section */
		FD08A6E424E8EEA200617B9F /* Sources */ = {
			isa = PBXSourcesBuildPhase;
			buildActionMask = 2147483647;
			files = (
				FD53399924E980AE00D1C3AF /* ImageInsertionCell.swift in Sources */,
				FD08A70C24E8FAFC00617B9F /* Photo.swift in Sources */,
				FD08A70724E8FA7B00617B9F /* PhotoCell.swift in Sources */,
				FD08A6EC24E8EEA200617B9F /* AppDelegate.swift in Sources */,
				FD08A6EE24E8EEA200617B9F /* SceneDelegate.swift in Sources */,
				FD08A70A24E8FAC400617B9F /* PhotoListViewModel.swift in Sources */,
				FD08A70324E8F99200617B9F /* PhotoListViewController.swift in Sources */,
			);
			runOnlyForDeploymentPostprocessing = 0;
		};
/* End PBXSourcesBuildPhase section */

/* Begin PBXVariantGroup section */
		FD08A6F124E8EEA200617B9F /* Main.storyboard */ = {
			isa = PBXVariantGroup;
			children = (
				FD08A6F224E8EEA200617B9F /* Base */,
			);
			name = Main.storyboard;
			sourceTree = "<group>";
		};
		FD08A6F624E8EEA300617B9F /* LaunchScreen.storyboard */ = {
			isa = PBXVariantGroup;
			children = (
				FD08A6F724E8EEA300617B9F /* Base */,
			);
			name = LaunchScreen.storyboard;
			sourceTree = "<group>";
		};
/* End PBXVariantGroup section */

/* Begin XCBuildConfiguration section */
		FD08A6FA24E8EEA300617B9F /* Debug */ = {
			isa = XCBuildConfiguration;
			buildSettings = {
				ALWAYS_SEARCH_USER_PATHS = NO;
				CLANG_ANALYZER_NONNULL = YES;
				CLANG_ANALYZER_NUMBER_OBJECT_CONVERSION = YES_AGGRESSIVE;
				CLANG_CXX_LANGUAGE_STANDARD = "gnu++14";
				CLANG_CXX_LIBRARY = "libc++";
				CLANG_ENABLE_MODULES = YES;
				CLANG_ENABLE_OBJC_ARC = YES;
				CLANG_ENABLE_OBJC_WEAK = YES;
				CLANG_WARN_BLOCK_CAPTURE_AUTORELEASING = YES;
				CLANG_WARN_BOOL_CONVERSION = YES;
				CLANG_WARN_COMMA = YES;
				CLANG_WARN_CONSTANT_CONVERSION = YES;
				CLANG_WARN_DEPRECATED_OBJC_IMPLEMENTATIONS = YES;
				CLANG_WARN_DIRECT_OBJC_ISA_USAGE = YES_ERROR;
				CLANG_WARN_DOCUMENTATION_COMMENTS = YES;
				CLANG_WARN_EMPTY_BODY = YES;
				CLANG_WARN_ENUM_CONVERSION = YES;
				CLANG_WARN_INFINITE_RECURSION = YES;
				CLANG_WARN_INT_CONVERSION = YES;
				CLANG_WARN_NON_LITERAL_NULL_CONVERSION = YES;
				CLANG_WARN_OBJC_IMPLICIT_RETAIN_SELF = YES;
				CLANG_WARN_OBJC_LITERAL_CONVERSION = YES;
				CLANG_WARN_OBJC_ROOT_CLASS = YES_ERROR;
				CLANG_WARN_RANGE_LOOP_ANALYSIS = YES;
				CLANG_WARN_STRICT_PROTOTYPES = YES;
				CLANG_WARN_SUSPICIOUS_MOVE = YES;
				CLANG_WARN_UNGUARDED_AVAILABILITY = YES_AGGRESSIVE;
				CLANG_WARN_UNREACHABLE_CODE = YES;
				CLANG_WARN__DUPLICATE_METHOD_MATCH = YES;
				COPY_PHASE_STRIP = NO;
				DEBUG_INFORMATION_FORMAT = dwarf;
				ENABLE_STRICT_OBJC_MSGSEND = YES;
				ENABLE_TESTABILITY = YES;
				GCC_C_LANGUAGE_STANDARD = gnu11;
				GCC_DYNAMIC_NO_PIC = NO;
				GCC_NO_COMMON_BLOCKS = YES;
				GCC_OPTIMIZATION_LEVEL = 0;
				GCC_PREPROCESSOR_DEFINITIONS = (
					"DEBUG=1",
					"$(inherited)",
				);
				GCC_WARN_64_TO_32_BIT_CONVERSION = YES;
				GCC_WARN_ABOUT_RETURN_TYPE = YES_ERROR;
				GCC_WARN_UNDECLARED_SELECTOR = YES;
				GCC_WARN_UNINITIALIZED_AUTOS = YES_AGGRESSIVE;
				GCC_WARN_UNUSED_FUNCTION = YES;
				GCC_WARN_UNUSED_VARIABLE = YES;
				IPHONEOS_DEPLOYMENT_TARGET = 13.6;
				MTL_ENABLE_DEBUG_INFO = INCLUDE_SOURCE;
				MTL_FAST_MATH = YES;
				ONLY_ACTIVE_ARCH = YES;
				SDKROOT = iphoneos;
				SWIFT_ACTIVE_COMPILATION_CONDITIONS = DEBUG;
				SWIFT_OPTIMIZATION_LEVEL = "-Onone";
			};
			name = Debug;
		};
		FD08A6FB24E8EEA300617B9F /* Release */ = {
			isa = XCBuildConfiguration;
			buildSettings = {
				ALWAYS_SEARCH_USER_PATHS = NO;
				CLANG_ANALYZER_NONNULL = YES;
				CLANG_ANALYZER_NUMBER_OBJECT_CONVERSION = YES_AGGRESSIVE;
				CLANG_CXX_LANGUAGE_STANDARD = "gnu++14";
				CLANG_CXX_LIBRARY = "libc++";
				CLANG_ENABLE_MODULES = YES;
				CLANG_ENABLE_OBJC_ARC = YES;
				CLANG_ENABLE_OBJC_WEAK = YES;
				CLANG_WARN_BLOCK_CAPTURE_AUTORELEASING = YES;
				CLANG_WARN_BOOL_CONVERSION = YES;
				CLANG_WARN_COMMA = YES;
				CLANG_WARN_CONSTANT_CONVERSION = YES;
				CLANG_WARN_DEPRECATED_OBJC_IMPLEMENTATIONS = YES;
				CLANG_WARN_DIRECT_OBJC_ISA_USAGE = YES_ERROR;
				CLANG_WARN_DOCUMENTATION_COMMENTS = YES;
				CLANG_WARN_EMPTY_BODY = YES;
				CLANG_WARN_ENUM_CONVERSION = YES;
				CLANG_WARN_INFINITE_RECURSION = YES;
				CLANG_WARN_INT_CONVERSION = YES;
				CLANG_WARN_NON_LITERAL_NULL_CONVERSION = YES;
				CLANG_WARN_OBJC_IMPLICIT_RETAIN_SELF = YES;
				CLANG_WARN_OBJC_LITERAL_CONVERSION = YES;
				CLANG_WARN_OBJC_ROOT_CLASS = YES_ERROR;
				CLANG_WARN_RANGE_LOOP_ANALYSIS = YES;
				CLANG_WARN_STRICT_PROTOTYPES = YES;
				CLANG_WARN_SUSPICIOUS_MOVE = YES;
				CLANG_WARN_UNGUARDED_AVAILABILITY = YES_AGGRESSIVE;
				CLANG_WARN_UNREACHABLE_CODE = YES;
				CLANG_WARN__DUPLICATE_METHOD_MATCH = YES;
				COPY_PHASE_STRIP = NO;
				DEBUG_INFORMATION_FORMAT = "dwarf-with-dsym";
				ENABLE_NS_ASSERTIONS = NO;
				ENABLE_STRICT_OBJC_MSGSEND = YES;
				GCC_C_LANGUAGE_STANDARD = gnu11;
				GCC_NO_COMMON_BLOCKS = YES;
				GCC_WARN_64_TO_32_BIT_CONVERSION = YES;
				GCC_WARN_ABOUT_RETURN_TYPE = YES_ERROR;
				GCC_WARN_UNDECLARED_SELECTOR = YES;
				GCC_WARN_UNINITIALIZED_AUTOS = YES_AGGRESSIVE;
				GCC_WARN_UNUSED_FUNCTION = YES;
				GCC_WARN_UNUSED_VARIABLE = YES;
				IPHONEOS_DEPLOYMENT_TARGET = 13.6;
				MTL_ENABLE_DEBUG_INFO = NO;
				MTL_FAST_MATH = YES;
				SDKROOT = iphoneos;
				SWIFT_COMPILATION_MODE = wholemodule;
				SWIFT_OPTIMIZATION_LEVEL = "-O";
				VALIDATE_PRODUCT = YES;
			};
			name = Release;
		};
		FD08A6FD24E8EEA300617B9F /* Debug */ = {
			isa = XCBuildConfiguration;
			baseConfigurationReference = 67956AABD955B15F7A41942A /* Pods-Wongnai-IOS-Assignment.debug.xcconfig */;
			buildSettings = {
				ASSETCATALOG_COMPILER_APPICON_NAME = AppIcon;
				CODE_SIGN_STYLE = Automatic;
				INFOPLIST_FILE = "Wongnai-IOS-Assignment/Info.plist";
				IPHONEOS_DEPLOYMENT_TARGET = 12.0;
				LD_RUNPATH_SEARCH_PATHS = (
					"$(inherited)",
					"@executable_path/Frameworks",
				);
				PRODUCT_BUNDLE_IDENTIFIER = "com.natthawut.wongnai.Wongnai-IOS-Assignment";
				PRODUCT_NAME = "$(TARGET_NAME)";
				SWIFT_VERSION = 5.0;
				TARGETED_DEVICE_FAMILY = 1;
			};
			name = Debug;
		};
		FD08A6FE24E8EEA300617B9F /* Release */ = {
			isa = XCBuildConfiguration;
			baseConfigurationReference = C8FB6E2E1D4603FE694C9E49 /* Pods-Wongnai-IOS-Assignment.release.xcconfig */;
			buildSettings = {
				ASSETCATALOG_COMPILER_APPICON_NAME = AppIcon;
				CODE_SIGN_STYLE = Automatic;
				INFOPLIST_FILE = "Wongnai-IOS-Assignment/Info.plist";
				IPHONEOS_DEPLOYMENT_TARGET = 12.0;
				LD_RUNPATH_SEARCH_PATHS = (
					"$(inherited)",
					"@executable_path/Frameworks",
				);
				PRODUCT_BUNDLE_IDENTIFIER = "com.natthawut.wongnai.Wongnai-IOS-Assignment";
				PRODUCT_NAME = "$(TARGET_NAME)";
				SWIFT_VERSION = 5.0;
				TARGETED_DEVICE_FAMILY = 1;
			};
			name = Release;
		};
/* End XCBuildConfiguration section */

/* Begin XCConfigurationList section */
		FD08A6E324E8EEA200617B9F /* Build configuration list for PBXProject "Wongnai-IOS-Assignment" */ = {
			isa = XCConfigurationList;
			buildConfigurations = (
				FD08A6FA24E8EEA300617B9F /* Debug */,
				FD08A6FB24E8EEA300617B9F /* Release */,
			);
			defaultConfigurationIsVisible = 0;
			defaultConfigurationName = Release;
		};
		FD08A6FC24E8EEA300617B9F /* Build configuration list for PBXNativeTarget "Wongnai-IOS-Assignment" */ = {
			isa = XCConfigurationList;
			buildConfigurations = (
				FD08A6FD24E8EEA300617B9F /* Debug */,
				FD08A6FE24E8EEA300617B9F /* Release */,
			);
			defaultConfigurationIsVisible = 0;
			defaultConfigurationName = Release;
		};
/* End XCConfigurationList section */
	};
	rootObject = FD08A6E024E8EEA200617B9F /* Project object */;
}
